
Microsoft Visual Studio Solution File, Format Version 12.00
# Visual Studio Version 16
VisualStudioVersion = 16.0.33529.622
MinimumVisualStudioVersion = 10.0.40219.1
Project("{FAE04EC0-301F-11D3-BF4B-00C04F79EFBC}") = "TrackerLibrary", "TrackerLibrary\TrackerLibrary.csproj", "{4B81FD1B-6749-46FE-9BFC-278F9AA2CCCD}"
EndProject
Project("{FAE04EC0-301F-11D3-BF4B-00C04F79EFBC}") = "TrackerUI", "TrackerUI\TrackerUI.csproj", "{B7935EE3-77D5-41F5-A0C1-AF8028657CC1}"
EndProject
Global
	GlobalSection(SolutionConfigurationPlatforms) = preSolution
		Debug|Any CPU = Debug|Any CPU
		Debug|ARM = Debug|ARM
		Debug|x64 = Debug|x64
		Debug|x86 = Debug|x86
		Release|Any CPU = Release|Any CPU
		Release|ARM = Release|ARM
		Release|x64 = Release|x64
		Release|x86 = Release|x86
	EndGlobalSection
	GlobalSection(ProjectConfigurationPlatforms) = postSolution
		{4B81FD1B-6749-46FE-9BFC-278F9AA2CCCD}.Debug|Any CPU.ActiveCfg = Debug|Any CPU
		{4B81FD1B-6749-46FE-9BFC-278F9AA2CCCD}.Debug|Any CPU.Build.0 = Debug|Any CPU
		{4B81FD1B-6749-46FE-9BFC-278F9AA2CCCD}.Debug|ARM.ActiveCfg = Debug|ARM
		{4B81FD1B-6749-46FE-9BFC-278F9AA2CCCD}.Debug|ARM.Build.0 = Debug|ARM
		{4B81FD1B-6749-46FE-9BFC-278F9AA2CCCD}.Debug|x64.ActiveCfg = Debug|x64
		{4B81FD1B-6749-46FE-9BFC-278F9AA2CCCD}.Debug|x64.Build.0 = Debug|x64
		{4B81FD1B-6749-46FE-9BFC-278F9AA2CCCD}.Debug|x86.ActiveCfg = Debug|x86
		{4B81FD1B-6749-46FE-9BFC-278F9AA2CCCD}.Debug|x86.Build.0 = Debug|x86
		{4B81FD1B-6749-46FE-9BFC-278F9AA2CCCD}.Release|Any CPU.ActiveCfg = Release|Any CPU
		{4B81FD1B-6749-46FE-9BFC-278F9AA2CCCD}.Release|Any CPU.Build.0 = Release|Any CPU
		{4B81FD1B-6749-46FE-9BFC-278F9AA2CCCD}.Release|ARM.ActiveCfg = Release|ARM
		{4B81FD1B-6749-46FE-9BFC-278F9AA2CCCD}.Release|ARM.Build.0 = Release|ARM
		{4B81FD1B-6749-46FE-9BFC-278F9AA2CCCD}.Release|x64.ActiveCfg = Release|x64
		{4B81FD1B-6749-46FE-9BFC-278F9AA2CCCD}.Release|x64.Build.0 = Release|x64
		{4B81FD1B-6749-46FE-9BFC-278F9AA2CCCD}.Release|x86.ActiveCfg = Release|x86
		{4B81FD1B-6749-46FE-9BFC-278F9AA2CCCD}.Release|x86.Build.0 = Release|x86
		{B7935EE3-77D5-41F5-A0C1-AF8028657CC1}.Debug|Any CPU.ActiveCfg = Debug|Any CPU
		{B7935EE3-77D5-41F5-A0C1-AF8028657CC1}.Debug|Any CPU.Build.0 = Debug|Any CPU
		{B7935EE3-77D5-41F5-A0C1-AF8028657CC1}.Debug|ARM.ActiveCfg = Debug|Any CPU
		{B7935EE3-77D5-41F5-A0C1-AF8028657CC1}.Debug|ARM.Build.0 = Debug|Any CPU
		{B7935EE3-77D5-41F5-A0C1-AF8028657CC1}.Debug|x64.ActiveCfg = Debug|Any CPU
		{B7935EE3-77D5-41F5-A0C1-AF8028657CC1}.Debug|x64.Build.0 = Debug|Any CPU
		{B7935EE3-77D5-41F5-A0C1-AF8028657CC1}.Debug|x86.ActiveCfg = Debug|Any CPU
		{B7935EE3-77D5-41F5-A0C1-AF8028657CC1}.Debug|x86.Build.0 = Debug|Any CPU
		{B7935EE3-77D5-41F5-A0C1-AF8028657CC1}.Release|Any CPU.ActiveCfg = Release|Any CPU
		{B7935EE3-77D5-41F5-A0C1-AF8028657CC1}.Release|Any CPU.Build.0 = Release|Any CPU
		{B7935EE3-77D5-41F5-A0C1-AF8028657CC1}.Release|ARM.ActiveCfg = Release|Any CPU
		{B7935EE3-77D5-41F5-A0C1-AF8028657CC1}.Release|ARM.Build.0 = Release|Any CPU
		{B7935EE3-77D5-41F5-A0C1-AF8028657CC1}.Release|x64.ActiveCfg = Release|Any CPU
		{B7935EE3-77D5-41F5-A0C1-AF8028657CC1}.Release|x64.Build.0 = Release|Any CPU
		{B7935EE3-77D5-41F5-A0C1-AF8028657CC1}.Release|x86.ActiveCfg = Release|Any CPU
		{B7935EE3-77D5-41F5-A0C1-AF8028657CC1}.Release|x86.Build.0 = Release|Any CPU
	EndGlobalSection
	GlobalSection(SolutionProperties) = preSolution
		HideSolutionNode = FALSE
	EndGlobalSection
	GlobalSection(ExtensibilityGlobals) = postSolution
		SolutionGuid = {8CE061F5-8BAF-4895-A776-6816028C6CAF}
	EndGlobalSection
EndGlobal
